version: 6
environments:
  default:
    channels:
    - url: https://conda.anaconda.org/conda-forge/
    packages:
      osx-arm64:
      - conda: https://conda.anaconda.org/conda-forge/noarch/alabaster-1.0.0-pyhd8ed1ab_1.conda
      - conda: https://conda.anaconda.org/conda-forge/noarch/babel-2.17.0-pyhd8ed1ab_0.conda
      - conda: https://conda.anaconda.org/conda-forge/osx-arm64/brotli-python-1.1.0-py313h928ef07_3.conda
      - conda: https://conda.anaconda.org/conda-forge/osx-arm64/bzip2-1.0.8-h99b78c6_7.conda
      - conda: https://conda.anaconda.org/conda-forge/noarch/ca-certificates-2025.7.14-hbd8a1cb_0.conda
      - conda: https://conda.anaconda.org/conda-forge/noarch/certifi-2025.7.14-pyhd8ed1ab_0.conda
      - conda: https://conda.anaconda.org/conda-forge/osx-arm64/cffi-1.17.1-py313hc845a76_0.conda
      - conda: https://conda.anaconda.org/conda-forge/noarch/charset-normalizer-3.4.2-pyhd8ed1ab_0.conda
      - conda: https://conda.anaconda.org/conda-forge/noarch/colorama-0.4.6-pyhd8ed1ab_1.conda
      - conda: https://conda.anaconda.org/conda-forge/noarch/commonmark-0.9.1-py_0.tar.bz2
      - conda: https://conda.anaconda.org/conda-forge/noarch/docutils-0.21.2-pyhd8ed1ab_1.conda
      - conda: https://conda.anaconda.org/conda-forge/noarch/future-1.0.0-pyhd8ed1ab_2.conda
      - conda: https://conda.anaconda.org/conda-forge/noarch/h2-4.2.0-pyhd8ed1ab_0.conda
      - conda: https://conda.anaconda.org/conda-forge/noarch/hpack-4.1.0-pyhd8ed1ab_0.conda
      - conda: https://conda.anaconda.org/conda-forge/noarch/hyperframe-6.1.0-pyhd8ed1ab_0.conda
      - conda: https://conda.anaconda.org/conda-forge/noarch/idna-3.10-pyhd8ed1ab_1.conda
      - conda: https://conda.anaconda.org/conda-forge/noarch/imagesize-1.4.1-pyhd8ed1ab_0.tar.bz2
      - conda: https://conda.anaconda.org/conda-forge/noarch/importlib-metadata-8.7.0-pyhe01879c_1.conda
      - conda: https://conda.anaconda.org/conda-forge/noarch/jinja2-3.1.6-pyhd8ed1ab_0.conda
      - conda: https://conda.anaconda.org/conda-forge/osx-arm64/libcxx-20.1.8-ha82da77_0.conda
      - conda: https://conda.anaconda.org/conda-forge/osx-arm64/libexpat-2.7.0-h286801f_0.conda
      - conda: https://conda.anaconda.org/conda-forge/osx-arm64/libffi-3.4.6-h1da3d7d_1.conda
      - conda: https://conda.anaconda.org/conda-forge/osx-arm64/liblzma-5.8.1-h39f12f2_2.conda
      - conda: https://conda.anaconda.org/conda-forge/osx-arm64/libmpdec-4.0.0-h5505292_0.conda
      - conda: https://conda.anaconda.org/conda-forge/osx-arm64/libsqlite-3.50.2-hf8de324_2.conda
      - conda: https://conda.anaconda.org/conda-forge/osx-arm64/libzlib-1.3.1-h8359307_2.conda
      - conda: https://conda.anaconda.org/conda-forge/noarch/markdown-3.8.2-pyhd8ed1ab_0.conda
      - conda: https://conda.anaconda.org/conda-forge/osx-arm64/markupsafe-3.0.2-py313ha9b7d5b_1.conda
      - conda: https://conda.anaconda.org/conda-forge/osx-arm64/ncurses-6.5-h5e97a16_3.conda
      - conda: https://conda.anaconda.org/conda-forge/osx-arm64/openssl-3.5.1-h81ee809_0.conda
      - conda: https://conda.anaconda.org/conda-forge/noarch/packaging-25.0-pyh29332c3_1.conda
      - conda: https://conda.anaconda.org/conda-forge/noarch/pycparser-2.22-pyh29332c3_1.conda
      - conda: https://conda.anaconda.org/conda-forge/noarch/pygments-2.19.2-pyhd8ed1ab_0.conda
      - conda: https://conda.anaconda.org/conda-forge/noarch/pysocks-1.7.1-pyha55dd90_7.conda
      - conda: https://conda.anaconda.org/conda-forge/osx-arm64/python-3.13.5-hf3f3da0_102_cp313.conda
      - conda: https://conda.anaconda.org/conda-forge/noarch/python_abi-3.13-7_cp313.conda
      - conda: https://conda.anaconda.org/conda-forge/noarch/pytz-2025.2-pyhd8ed1ab_0.conda
      - conda: https://conda.anaconda.org/conda-forge/osx-arm64/pyyaml-6.0.2-py313ha9b7d5b_2.conda
      - conda: https://conda.anaconda.org/conda-forge/osx-arm64/readline-8.2-h1d1bf99_2.conda
      - conda: https://conda.anaconda.org/conda-forge/noarch/recommonmark-0.7.1-pyhd8ed1ab_1.conda
      - conda: https://conda.anaconda.org/conda-forge/noarch/requests-2.32.4-pyhd8ed1ab_0.conda
      - conda: https://conda.anaconda.org/conda-forge/noarch/roman-numerals-py-3.1.0-pyhd8ed1ab_0.conda
      - conda: https://conda.anaconda.org/conda-forge/noarch/setuptools-80.9.0-pyhff2d567_0.conda
      - conda: https://conda.anaconda.org/conda-forge/noarch/snowballstemmer-3.0.1-pyhd8ed1ab_0.conda
      - conda: https://conda.anaconda.org/conda-forge/noarch/sphinx-8.2.3-pyhd8ed1ab_0.conda
      - conda: https://conda.anaconda.org/conda-forge/noarch/sphinx-markdown-tables-0.0.17-pyhd8ed1ab_1.conda
      - conda: https://conda.anaconda.org/conda-forge/noarch/sphinx-tabs-3.4.1-pyhd8ed1ab_1.conda
      - conda: https://conda.anaconda.org/conda-forge/noarch/sphinx_rtd_theme-3.0.1-pyha770c72_0.conda
      - conda: https://conda.anaconda.org/conda-forge/noarch/sphinxcontrib-applehelp-2.0.0-pyhd8ed1ab_1.conda
      - conda: https://conda.anaconda.org/conda-forge/noarch/sphinxcontrib-devhelp-2.0.0-pyhd8ed1ab_1.conda
      - conda: https://conda.anaconda.org/conda-forge/noarch/sphinxcontrib-htmlhelp-2.1.0-pyhd8ed1ab_1.conda
      - conda: https://conda.anaconda.org/conda-forge/noarch/sphinxcontrib-jquery-4.1-pyhd8ed1ab_1.conda
      - conda: https://conda.anaconda.org/conda-forge/noarch/sphinxcontrib-jsmath-1.0.1-pyhd8ed1ab_1.conda
      - conda: https://conda.anaconda.org/conda-forge/noarch/sphinxcontrib-mermaid-1.0.0-pyhd8ed1ab_1.conda
      - conda: https://conda.anaconda.org/conda-forge/noarch/sphinxcontrib-qthelp-2.0.0-pyhd8ed1ab_1.conda
      - conda: https://conda.anaconda.org/conda-forge/noarch/sphinxcontrib-serializinghtml-1.1.10-pyhd8ed1ab_1.conda
      - conda: https://conda.anaconda.org/conda-forge/osx-arm64/tk-8.6.13-h892fb3f_2.conda
      - conda: https://conda.anaconda.org/conda-forge/noarch/tzdata-2025b-h78e105d_0.conda
      - conda: https://conda.anaconda.org/conda-forge/noarch/urllib3-2.5.0-pyhd8ed1ab_0.conda
      - conda: https://conda.anaconda.org/conda-forge/osx-arm64/yaml-0.2.5-h3422bc3_2.tar.bz2
      - conda: https://conda.anaconda.org/conda-forge/noarch/zipp-3.23.0-pyhd8ed1ab_0.conda
      - conda: https://conda.anaconda.org/conda-forge/osx-arm64/zstandard-0.23.0-py313h90d716c_2.conda
packages:
- conda: https://conda.anaconda.org/conda-forge/noarch/alabaster-1.0.0-pyhd8ed1ab_1.conda
  sha256: 6c4456a138919dae9edd3ac1a74b6fbe5fd66c05675f54df2f8ab8c8d0cc6cea
  md5: 1fd9696649f65fd6611fcdb4ffec738a
  depends:
  - python >=3.10
  license: BSD-3-Clause
  license_family: BSD
  size: 18684
  timestamp: 1733750512696
- conda: https://conda.anaconda.org/conda-forge/noarch/babel-2.17.0-pyhd8ed1ab_0.conda
  sha256: 1c656a35800b7f57f7371605bc6507c8d3ad60fbaaec65876fce7f73df1fc8ac
  md5: 0a01c169f0ab0f91b26e77a3301fbfe4
  depends:
  - python >=3.9
  - pytz >=2015.7
  license: BSD-3-Clause
  license_family: BSD
  size: 6938256
  timestamp: 1738490268466
- conda: https://conda.anaconda.org/conda-forge/osx-arm64/brotli-python-1.1.0-py313h928ef07_3.conda
  sha256: 0f2f3c7b3f6a19a27b2878b58bfd16af69cea90d0d3052a2a0b4e0a2cbede8f9
  md5: 3030bcec50cc407b596f9311eeaa611f
  depends:
  - __osx >=11.0
  - libcxx >=18
  - python >=3.13,<3.14.0a0
  - python >=3.13,<3.14.0a0 *_cp313
  - python_abi 3.13.* *_cp313
  constrains:
  - libbrotlicommon 1.1.0 h5505292_3
  license: MIT
  license_family: MIT
  size: 338938
  timestamp: 1749230456550
- conda: https://conda.anaconda.org/conda-forge/osx-arm64/bzip2-1.0.8-h99b78c6_7.conda
  sha256: adfa71f158cbd872a36394c56c3568e6034aa55c623634b37a4836bd036e6b91
  md5: fc6948412dbbbe9a4c9ddbbcfe0a79ab
  depends:
  - __osx >=11.0
  license: bzip2-1.0.6
  license_family: BSD
  size: 122909
  timestamp: 1720974522888
- conda: https://conda.anaconda.org/conda-forge/noarch/ca-certificates-2025.7.14-hbd8a1cb_0.conda
  sha256: 29defbd83c7829788358678ec996adeee252fa4d4274b7cd386c1ed73d2b201e
  md5: d16c90324aef024877d8713c0b7fea5b
  depends:
  - __unix
  license: ISC
  size: 155658
  timestamp: 1752482350666
- conda: https://conda.anaconda.org/conda-forge/noarch/certifi-2025.7.14-pyhd8ed1ab_0.conda
  sha256: f68ee5038f37620a4fb4cdd8329c9897dce80331db8c94c3ab264a26a8c70a08
  md5: 4c07624f3faefd0bb6659fb7396cfa76
  depends:
  - python >=3.9
  license: ISC
  size: 159755
  timestamp: 1752493370797
- conda: https://conda.anaconda.org/conda-forge/osx-arm64/cffi-1.17.1-py313hc845a76_0.conda
  sha256: 50650dfa70ccf12b9c4a117d7ef0b41895815bb7328d830d667a6ba3525b60e8
  md5: 6d24d5587a8615db33c961a4ca0a8034
  depends:
  - __osx >=11.0
  - libffi >=3.4,<4.0a0
  - pycparser
  - python >=3.13.0rc1,<3.14.0a0
  - python >=3.13.0rc1,<3.14.0a0 *_cp313
  - python_abi 3.13.* *_cp313
  license: MIT
  license_family: MIT
  size: 282115
  timestamp: 1725560759157
- conda: https://conda.anaconda.org/conda-forge/noarch/charset-normalizer-3.4.2-pyhd8ed1ab_0.conda
  sha256: 535ae5dcda8022e31c6dc063eb344c80804c537a5a04afba43a845fa6fa130f5
  md5: 40fe4284b8b5835a9073a645139f35af
  depends:
  - python >=3.9
  license: MIT
  license_family: MIT
  size: 50481
  timestamp: 1746214981991
- conda: https://conda.anaconda.org/conda-forge/noarch/colorama-0.4.6-pyhd8ed1ab_1.conda
  sha256: ab29d57dc70786c1269633ba3dff20288b81664d3ff8d21af995742e2bb03287
  md5: 962b9857ee8e7018c22f2776ffa0b2d7
  depends:
  - python >=3.9
  license: BSD-3-Clause
  license_family: BSD
  size: 27011
  timestamp: 1733218222191
- conda: https://conda.anaconda.org/conda-forge/noarch/commonmark-0.9.1-py_0.tar.bz2
  sha256: 10577f82bafd5d37f0c3f2122272d0dc1f2d133655c2bdd1a3cd5f910d0bd4c5
  md5: 6aa0173c14befcd577ded130cf6f22f5
  depends:
  - future >=0.14.0
  - python
  license: BSD 3-Clause
  license_family: BSD
  size: 47354
  timestamp: 1570221752112
- conda: https://conda.anaconda.org/conda-forge/noarch/docutils-0.21.2-pyhd8ed1ab_1.conda
  sha256: fa5966bb1718bbf6967a85075e30e4547901410cc7cb7b16daf68942e9a94823
  md5: 24c1ca34138ee57de72a943237cde4cc
  depends:
  - python >=3.9
  license: CC-PDDC AND BSD-3-Clause AND BSD-2-Clause AND ZPL-2.1
  size: 402700
  timestamp: 1733217860944
- conda: https://conda.anaconda.org/conda-forge/noarch/future-1.0.0-pyhd8ed1ab_2.conda
  sha256: 45dfd037889b7075c5eb46394f93172de0be0b1624c7f802dd3ecc94b814d8e0
  md5: 1054c53c95d85e35b88143a3eda66373
  depends:
  - python >=3.9
  license: MIT
  license_family: MIT
  size: 364561
  timestamp: 1738926525117
- conda: https://conda.anaconda.org/conda-forge/noarch/h2-4.2.0-pyhd8ed1ab_0.conda
  sha256: 0aa1cdc67a9fe75ea95b5644b734a756200d6ec9d0dff66530aec3d1c1e9df75
  md5: b4754fb1bdcb70c8fd54f918301582c6
  depends:
  - hpack >=4.1,<5
  - hyperframe >=6.1,<7
  - python >=3.9
  license: MIT
  license_family: MIT
  size: 53888
  timestamp: 1738578623567
- conda: https://conda.anaconda.org/conda-forge/noarch/hpack-4.1.0-pyhd8ed1ab_0.conda
  sha256: 6ad78a180576c706aabeb5b4c8ceb97c0cb25f1e112d76495bff23e3779948ba
  md5: 0a802cb9888dd14eeefc611f05c40b6e
  depends:
  - python >=3.9
  license: MIT
  license_family: MIT
  size: 30731
  timestamp: 1737618390337
- conda: https://conda.anaconda.org/conda-forge/noarch/hyperframe-6.1.0-pyhd8ed1ab_0.conda
  sha256: 77af6f5fe8b62ca07d09ac60127a30d9069fdc3c68d6b256754d0ffb1f7779f8
  md5: 8e6923fc12f1fe8f8c4e5c9f343256ac
  depends:
  - python >=3.9
  license: MIT
  license_family: MIT
  size: 17397
  timestamp: 1737618427549
- conda: https://conda.anaconda.org/conda-forge/noarch/idna-3.10-pyhd8ed1ab_1.conda
  sha256: d7a472c9fd479e2e8dcb83fb8d433fce971ea369d704ece380e876f9c3494e87
  md5: 39a4f67be3286c86d696df570b1201b7
  depends:
  - python >=3.9
  license: BSD-3-Clause
  license_family: BSD
  size: 49765
  timestamp: 1733211921194
- conda: https://conda.anaconda.org/conda-forge/noarch/imagesize-1.4.1-pyhd8ed1ab_0.tar.bz2
  sha256: c2bfd7043e0c4c12d8b5593de666c1e81d67b83c474a0a79282cc5c4ef845460
  md5: 7de5386c8fea29e76b303f37dde4c352
  depends:
  - python >=3.4
  license: MIT
  license_family: MIT
  size: 10164
  timestamp: 1656939625410
- conda: https://conda.anaconda.org/conda-forge/noarch/importlib-metadata-8.7.0-pyhe01879c_1.conda
  sha256: c18ab120a0613ada4391b15981d86ff777b5690ca461ea7e9e49531e8f374745
  md5: 63ccfdc3a3ce25b027b8767eb722fca8
  depends:
  - python >=3.9
  - zipp >=3.20
  - python
  license: Apache-2.0
  license_family: APACHE
  size: 34641
  timestamp: 1747934053147
- conda: https://conda.anaconda.org/conda-forge/noarch/jinja2-3.1.6-pyhd8ed1ab_0.conda
  sha256: f1ac18b11637ddadc05642e8185a851c7fab5998c6f5470d716812fae943b2af
  md5: 446bd6c8cb26050d528881df495ce646
  depends:
  - markupsafe >=2.0
  - python >=3.9
  license: BSD-3-Clause
  license_family: BSD
  size: 112714
  timestamp: 1741263433881
- conda: https://conda.anaconda.org/conda-forge/osx-arm64/libcxx-20.1.8-ha82da77_0.conda
  sha256: 3d7fd77e37794c28e99812da03de645b8e1ddefa876d9400c4d552b9eb8dd880
  md5: 149bb93ede144e7c86bf5f88378ae5f6
  depends:
  - __osx >=11.0
  license: Apache-2.0 WITH LLVM-exception
  license_family: Apache
  size: 567309
  timestamp: 1752050056857
- conda: https://conda.anaconda.org/conda-forge/osx-arm64/libexpat-2.7.0-h286801f_0.conda
  sha256: ee550e44765a7bbcb2a0216c063dcd53ac914a7be5386dd0554bd06e6be61840
  md5: 6934bbb74380e045741eb8637641a65b
  depends:
  - __osx >=11.0
  constrains:
  - expat 2.7.0.*
  license: MIT
  license_family: MIT
  size: 65714
  timestamp: 1743431789879
- conda: https://conda.anaconda.org/conda-forge/osx-arm64/libffi-3.4.6-h1da3d7d_1.conda
  sha256: c6a530924a9b14e193ea9adfe92843de2a806d1b7dbfd341546ece9653129e60
  md5: c215a60c2935b517dcda8cad4705734d
  depends:
  - __osx >=11.0
  license: MIT
  license_family: MIT
  size: 39839
  timestamp: 1743434670405
- conda: https://conda.anaconda.org/conda-forge/osx-arm64/liblzma-5.8.1-h39f12f2_2.conda
  sha256: 0cb92a9e026e7bd4842f410a5c5c665c89b2eb97794ffddba519a626b8ce7285
  md5: d6df911d4564d77c4374b02552cb17d1
  depends:
  - __osx >=11.0
  constrains:
  - xz 5.8.1.*
  license: 0BSD
  size: 92286
  timestamp: 1749230283517
- conda: https://conda.anaconda.org/conda-forge/osx-arm64/libmpdec-4.0.0-h5505292_0.conda
  sha256: 0a1875fc1642324ebd6c4ac864604f3f18f57fbcf558a8264f6ced028a3c75b2
  md5: 85ccccb47823dd9f7a99d2c7f530342f
  depends:
  - __osx >=11.0
  license: BSD-2-Clause
  license_family: BSD
  size: 71829
  timestamp: 1748393749336
- conda: https://conda.anaconda.org/conda-forge/osx-arm64/libsqlite-3.50.2-hf8de324_2.conda
  sha256: 02c292e5fb95f8ce408a3c98a846787095639217bd199a264b149dfe08a2ccb3
  md5: e0fe6df79600e1db7405ccf29c61d784
  depends:
  - __osx >=11.0
  - libzlib >=1.3.1,<2.0a0
  license: Unlicense
  size: 899248
  timestamp: 1752072259470
- conda: https://conda.anaconda.org/conda-forge/osx-arm64/libzlib-1.3.1-h8359307_2.conda
  sha256: ce34669eadaba351cd54910743e6a2261b67009624dbc7daeeafdef93616711b
  md5: 369964e85dc26bfe78f41399b366c435
  depends:
  - __osx >=11.0
  constrains:
  - zlib 1.3.1 *_2
  license: Zlib
  license_family: Other
  size: 46438
  timestamp: 1727963202283
- conda: https://conda.anaconda.org/conda-forge/noarch/markdown-3.8.2-pyhd8ed1ab_0.conda
  sha256: d495279d947e01300bfbc124859151be4eec3a088c1afe173323fd3aa89423b2
  md5: b0404922d0459f188768d1e613ed8a87
  depends:
  - importlib-metadata >=4.4
  - python >=3.9
  license: BSD-3-Clause
  license_family: BSD
  size: 80353
  timestamp: 1750360406187
- conda: https://conda.anaconda.org/conda-forge/osx-arm64/markupsafe-3.0.2-py313ha9b7d5b_1.conda
  sha256: 81759af8a9872c8926af3aa59dc4986eee90a0956d1ec820b42ac4f949a71211
  md5: 3acf05d8e42ff0d99820d2d889776fff
  depends:
  - __osx >=11.0
  - python >=3.13,<3.14.0a0
  - python >=3.13,<3.14.0a0 *_cp313
  - python_abi 3.13.* *_cp313
  constrains:
  - jinja2 >=3.0.0
  license: BSD-3-Clause
  license_family: BSD
  size: 24757
  timestamp: 1733219916634
- conda: https://conda.anaconda.org/conda-forge/osx-arm64/ncurses-6.5-h5e97a16_3.conda
  sha256: 2827ada40e8d9ca69a153a45f7fd14f32b2ead7045d3bbb5d10964898fe65733
  md5: 068d497125e4bf8a66bf707254fff5ae
  depends:
  - __osx >=11.0
  license: X11 AND BSD-3-Clause
  size: 797030
  timestamp: 1738196177597
- conda: https://conda.anaconda.org/conda-forge/osx-arm64/openssl-3.5.1-h81ee809_0.conda
  sha256: f94fde0f096fa79794c8aa0a2665630bbf9026cc6438e8253f6555fc7281e5a8
  md5: a8ac77e7c7e58d43fa34d60bd4361062
  depends:
  - __osx >=11.0
  - ca-certificates
  license: Apache-2.0
  license_family: Apache
  size: 3071649
  timestamp: 1751390309393
- conda: https://conda.anaconda.org/conda-forge/noarch/packaging-25.0-pyh29332c3_1.conda
  sha256: 289861ed0c13a15d7bbb408796af4de72c2fe67e2bcb0de98f4c3fce259d7991
  md5: 58335b26c38bf4a20f399384c33cbcf9
  depends:
  - python >=3.8
  - python
  license: Apache-2.0
  license_family: APACHE
  size: 62477
  timestamp: 1745345660407
- conda: https://conda.anaconda.org/conda-forge/noarch/pycparser-2.22-pyh29332c3_1.conda
  sha256: 79db7928d13fab2d892592223d7570f5061c192f27b9febd1a418427b719acc6
  md5: 12c566707c80111f9799308d9e265aef
  depends:
  - python >=3.9
  - python
  license: BSD-3-Clause
  license_family: BSD
  size: 110100
  timestamp: 1733195786147
- conda: https://conda.anaconda.org/conda-forge/noarch/pygments-2.19.2-pyhd8ed1ab_0.conda
  sha256: 5577623b9f6685ece2697c6eb7511b4c9ac5fb607c9babc2646c811b428fd46a
  md5: 6b6ece66ebcae2d5f326c77ef2c5a066
  depends:
  - python >=3.9
  license: BSD-2-Clause
  license_family: BSD
  size: 889287
  timestamp: 1750615908735
- conda: https://conda.anaconda.org/conda-forge/noarch/pysocks-1.7.1-pyha55dd90_7.conda
  sha256: ba3b032fa52709ce0d9fd388f63d330a026754587a2f461117cac9ab73d8d0d8
  md5: 461219d1a5bd61342293efa2c0c90eac
  depends:
  - __unix
  - python >=3.9
  license: BSD-3-Clause
  license_family: BSD
  size: 21085
  timestamp: 1733217331982
- conda: https://conda.anaconda.org/conda-forge/osx-arm64/python-3.13.5-hf3f3da0_102_cp313.conda
  build_number: 102
  sha256: ee1b09fb5563be8509bb9b29b2b436a0af75488b5f1fa6bcd93fe0fba597d13f
  md5: 123b7f04e7b8d6fc206cf2d3466f8a4b
  depends:
  - __osx >=11.0
  - bzip2 >=1.0.8,<2.0a0
  - libexpat >=2.7.0,<3.0a0
  - libffi >=3.4.6,<3.5.0a0
  - liblzma >=5.8.1,<6.0a0
  - libmpdec >=4.0.0,<5.0a0
  - libsqlite >=3.50.1,<4.0a0
  - libzlib >=1.3.1,<2.0a0
  - ncurses >=6.5,<7.0a0
  - openssl >=3.5.0,<4.0a0
  - python_abi 3.13.* *_cp313
  - readline >=8.2,<9.0a0
  - tk >=8.6.13,<8.7.0a0
  - tzdata
  license: Python-2.0
  size: 12931515
  timestamp: 1750062475020
  python_site_packages_path: lib/python3.13/site-packages
- conda: https://conda.anaconda.org/conda-forge/noarch/python_abi-3.13-7_cp313.conda
  build_number: 7
  sha256: 0595134584589064f56e67d3de1d8fcbb673a972946bce25fb593fb092fdcd97
  md5: e84b44e6300f1703cb25d29120c5b1d8
  constrains:
  - python 3.13.* *_cp313
  license: BSD-3-Clause
  license_family: BSD
  size: 6988
  timestamp: 1745258852285
- conda: https://conda.anaconda.org/conda-forge/noarch/pytz-2025.2-pyhd8ed1ab_0.conda
  sha256: 8d2a8bf110cc1fc3df6904091dead158ba3e614d8402a83e51ed3a8aa93cdeb0
  md5: bc8e3267d44011051f2eb14d22fb0960
  depends:
  - python >=3.9
  license: MIT
  license_family: MIT
  size: 189015
  timestamp: 1742920947249
- conda: https://conda.anaconda.org/conda-forge/osx-arm64/pyyaml-6.0.2-py313ha9b7d5b_2.conda
  sha256: 58c41b86ff2dabcf9ccd9010973b5763ec28b14030f9e1d9b371d22b538bce73
  md5: 03a7926e244802f570f25401c25c13bc
  depends:
  - __osx >=11.0
  - python >=3.13,<3.14.0a0
  - python >=3.13,<3.14.0a0 *_cp313
  - python_abi 3.13.* *_cp313
  - yaml >=0.2.5,<0.3.0a0
  license: MIT
  license_family: MIT
  size: 194243
  timestamp: 1737454911892
- conda: https://conda.anaconda.org/conda-forge/osx-arm64/readline-8.2-h1d1bf99_2.conda
  sha256: 7db04684d3904f6151eff8673270922d31da1eea7fa73254d01c437f49702e34
  md5: 63ef3f6e6d6d5c589e64f11263dc5676
  depends:
  - ncurses >=6.5,<7.0a0
  license: GPL-3.0-only
  license_family: GPL
  size: 252359
  timestamp: 1740379663071
- conda: https://conda.anaconda.org/conda-forge/noarch/recommonmark-0.7.1-pyhd8ed1ab_1.conda
  sha256: 20ce30a348a60ad7c0cd5be982f997191efb5a4f7f0da27fd03e4db76ac6d284
  md5: 2ab45b31c22ffd541590bd73011cccb2
  depends:
  - commonmark >=0.8.1
  - docutils >=0.11
  - python >=3.9
  - sphinx >=1.3.1
  license: MIT
  license_family: MIT
  size: 16793
  timestamp: 1734020884907
- conda: https://conda.anaconda.org/conda-forge/noarch/requests-2.32.4-pyhd8ed1ab_0.conda
  sha256: 9866aaf7a13c6cfbe665ec7b330647a0fb10a81e6f9b8fee33642232a1920e18
  md5: f6082eae112814f1447b56a5e1f6ed05
  depends:
  - certifi >=2017.4.17
  - charset-normalizer >=2,<4
  - idna >=2.5,<4
  - python >=3.9
  - urllib3 >=1.21.1,<3
  constrains:
  - chardet >=3.0.2,<6
  license: Apache-2.0
  license_family: APACHE
  size: 59407
  timestamp: 1749498221996
- conda: https://conda.anaconda.org/conda-forge/noarch/roman-numerals-py-3.1.0-pyhd8ed1ab_0.conda
  sha256: 0116a9ca9bf3487e18979b58b2f280116dba55cb53475af7a6d835f7aa133db8
  md5: 5f0f24f8032c2c1bb33f59b75974f5fc
  depends:
  - python >=3.9
  license: 0BSD OR CC0-1.0
  size: 13348
  timestamp: 1740240332327
- conda: https://conda.anaconda.org/conda-forge/noarch/setuptools-80.9.0-pyhff2d567_0.conda
  sha256: 972560fcf9657058e3e1f97186cc94389144b46dbdf58c807ce62e83f977e863
  md5: 4de79c071274a53dcaf2a8c749d1499e
  depends:
  - python >=3.9
  license: MIT
  license_family: MIT
  size: 748788
  timestamp: 1748804951958
- conda: https://conda.anaconda.org/conda-forge/noarch/snowballstemmer-3.0.1-pyhd8ed1ab_0.conda
  sha256: 17007a4cfbc564dc3e7310dcbe4932c6ecb21593d4fec3c68610720f19e73fb2
  md5: 755cf22df8693aa0d1aec1c123fa5863
  depends:
  - python >=3.9
  license: BSD-3-Clause
  license_family: BSD
  size: 73009
  timestamp: 1747749529809
- conda: https://conda.anaconda.org/conda-forge/noarch/sphinx-8.2.3-pyhd8ed1ab_0.conda
  sha256: 995f58c662db0197d681fa345522fd9e7ac5f05330d3dff095ab2f102e260ab0
  md5: f7af826063ed569bb13f7207d6f949b0
  depends:
  - alabaster >=0.7.14
  - babel >=2.13
  - colorama >=0.4.6
  - docutils >=0.20,<0.22
  - imagesize >=1.3
  - jinja2 >=3.1
  - packaging >=23.0
  - pygments >=2.17
  - python >=3.11
  - requests >=2.30.0
  - roman-numerals-py >=1.0.0
  - snowballstemmer >=2.2
  - sphinxcontrib-applehelp >=1.0.7
  - sphinxcontrib-devhelp >=1.0.6
  - sphinxcontrib-htmlhelp >=2.0.6
  - sphinxcontrib-jsmath >=1.0.1
  - sphinxcontrib-qthelp >=1.0.6
  - sphinxcontrib-serializinghtml >=1.1.9
  license: BSD-2-Clause
  license_family: BSD
  size: 1424416
  timestamp: 1740956642838
- conda: https://conda.anaconda.org/conda-forge/noarch/sphinx-markdown-tables-0.0.17-pyhd8ed1ab_1.conda
  sha256: 5a59bbcb7adeb1967c4f73c5c31dd6dd46629c833b4a6cb5be7294be4231dacf
  md5: 336e89c31eb9574793bb4721f97b9011
  depends:
  - markdown >=3.0.1
  - python >=3.9
  - recommonmark
  license: GPL-3.0-only
  license_family: GPL3
  size: 21735
  timestamp: 1737501577442
- conda: https://conda.anaconda.org/conda-forge/noarch/sphinx-tabs-3.4.1-pyhd8ed1ab_1.conda
  sha256: 43c343edc9ea11ffd947d97fa60bf6347a404700e2cde81fb954e60b7e6a42c1
  md5: 8b8362d876396fd967cbb5f404def907
  depends:
  - docutils >=0.18.0
  - pygments
  - python >=3.6
  - sphinx >=2
  license: MIT
  license_family: MIT
  size: 15026
  timestamp: 1675342588275
- conda: https://conda.anaconda.org/conda-forge/noarch/sphinx_rtd_theme-3.0.1-pyha770c72_0.conda
  sha256: b81e8b0a66dcff33f308909940c9127e51536b99a51167f3e7266e65e3473f7d
  md5: 740536f8a54250b1964e494c0bf5c9c3
  depends:
  - docutils >0.18,<0.22
  - python >=3.8
  - sphinx >=6,<9
  - sphinxcontrib-jquery >=4,<5
  license: MIT
  license_family: MIT
  size: 4630230
  timestamp: 1730015354284
- conda: https://conda.anaconda.org/conda-forge/noarch/sphinxcontrib-applehelp-2.0.0-pyhd8ed1ab_1.conda
  sha256: d7433a344a9ad32a680b881c81b0034bc61618d12c39dd6e3309abeffa9577ba
  md5: 16e3f039c0aa6446513e94ab18a8784b
  depends:
  - python >=3.9
  - sphinx >=5
  license: BSD-2-Clause
  license_family: BSD
  size: 29752
  timestamp: 1733754216334
- conda: https://conda.anaconda.org/conda-forge/noarch/sphinxcontrib-devhelp-2.0.0-pyhd8ed1ab_1.conda
  sha256: 55d5076005d20b84b20bee7844e686b7e60eb9f683af04492e598a622b12d53d
  md5: 910f28a05c178feba832f842155cbfff
  depends:
  - python >=3.9
  - sphinx >=5
  license: BSD-2-Clause
  license_family: BSD
  size: 24536
  timestamp: 1733754232002
- conda: https://conda.anaconda.org/conda-forge/noarch/sphinxcontrib-htmlhelp-2.1.0-pyhd8ed1ab_1.conda
  sha256: c1492c0262ccf16694bdcd3bb62aa4627878ea8782d5cd3876614ffeb62b3996
  md5: e9fb3fe8a5b758b4aff187d434f94f03
  depends:
  - python >=3.9
  - sphinx >=5
  license: BSD-2-Clause
  license_family: BSD
  size: 32895
  timestamp: 1733754385092
- conda: https://conda.anaconda.org/conda-forge/noarch/sphinxcontrib-jquery-4.1-pyhd8ed1ab_1.conda
  sha256: 69c08d18663b57ebc8e4187c64c8d29b10996bb465a515cd288d87b6f2f52a5e
  md5: 403185829255321ea427333f7773dd1f
  depends:
  - python >=3.9
  - sphinx >=1.8
  license: 0BSD AND MIT
  size: 112964
  timestamp: 1734344603903
- conda: https://conda.anaconda.org/conda-forge/noarch/sphinxcontrib-jsmath-1.0.1-pyhd8ed1ab_1.conda
  sha256: 578bef5ec630e5b2b8810d898bbbf79b9ae66d49b7938bcc3efc364e679f2a62
  md5: fa839b5ff59e192f411ccc7dae6588bb
  depends:
  - python >=3.9
  license: BSD-2-Clause
  license_family: BSD
  size: 10462
  timestamp: 1733753857224
- conda: https://conda.anaconda.org/conda-forge/noarch/sphinxcontrib-mermaid-1.0.0-pyhd8ed1ab_1.conda
  sha256: 795505fcda6b5d8bcc4deab0f22a449bdc863614e4c8edc5702b4ad0e2e2604f
  md5: f7f723ddde7269d491be27510403dd9c
  depends:
  - python >=3.9
  - pyyaml
  - sphinx
  license: BSD-2-Clause
  license_family: BSD
  size: 15095
  timestamp: 1734770249700
- conda: https://conda.anaconda.org/conda-forge/noarch/sphinxcontrib-qthelp-2.0.0-pyhd8ed1ab_1.conda
  sha256: c664fefae4acdb5fae973bdde25836faf451f41d04342b64a358f9a7753c92ca
  md5: 00534ebcc0375929b45c3039b5ba7636
  depends:
  - python >=3.9
  - sphinx >=5
  license: BSD-2-Clause
  license_family: BSD
  size: 26959
  timestamp: 1733753505008
- conda: https://conda.anaconda.org/conda-forge/noarch/sphinxcontrib-serializinghtml-1.1.10-pyhd8ed1ab_1.conda
  sha256: 64d89ecc0264347486971a94487cb8d7c65bfc0176750cf7502b8a272f4ab557
  md5: 3bc61f7161d28137797e038263c04c54
  depends:
  - python >=3.9
  - sphinx >=5
  license: BSD-2-Clause
  license_family: BSD
  size: 28669
  timestamp: 1733750596111
- conda: https://conda.anaconda.org/conda-forge/osx-arm64/tk-8.6.13-h892fb3f_2.conda
  sha256: cb86c522576fa95c6db4c878849af0bccfd3264daf0cc40dd18e7f4a7bfced0e
  md5: 7362396c170252e7b7b0c8fb37fe9c78
  depends:
  - __osx >=11.0
  - libzlib >=1.3.1,<2.0a0
  license: TCL
  license_family: BSD
  size: 3125538
  timestamp: 1748388189063
- conda: https://conda.anaconda.org/conda-forge/noarch/tzdata-2025b-h78e105d_0.conda
  sha256: 5aaa366385d716557e365f0a4e9c3fca43ba196872abbbe3d56bb610d131e192
  md5: 4222072737ccff51314b5ece9c7d6f5a
  license: LicenseRef-Public-Domain
  size: 122968
  timestamp: 1742727099393
- conda: https://conda.anaconda.org/conda-forge/noarch/urllib3-2.5.0-pyhd8ed1ab_0.conda
  sha256: 4fb9789154bd666ca74e428d973df81087a697dbb987775bc3198d2215f240f8
  md5: 436c165519e140cb08d246a4472a9d6a
  depends:
  - brotli-python >=1.0.9
  - h2 >=4,<5
  - pysocks >=1.5.6,<2.0,!=1.5.7
  - python >=3.9
  - zstandard >=0.18.0
  license: MIT
  license_family: MIT
  size: 101735
  timestamp: 1750271478254
- conda: https://conda.anaconda.org/conda-forge/osx-arm64/yaml-0.2.5-h3422bc3_2.tar.bz2
  sha256: 93181a04ba8cfecfdfb162fc958436d868cc37db504c58078eab4c1a3e57fbb7
  md5: 4bb3f014845110883a3c5ee811fd84b4
  license: MIT
  license_family: MIT
  size: 88016
  timestamp: 1641347076660
- conda: https://conda.anaconda.org/conda-forge/noarch/zipp-3.23.0-pyhd8ed1ab_0.conda
  sha256: 7560d21e1b021fd40b65bfb72f67945a3fcb83d78ad7ccf37b8b3165ec3b68ad
  md5: df5e78d904988eb55042c0c97446079f
  depends:
  - python >=3.9
  license: MIT
  license_family: MIT
  size: 22963
  timestamp: 1749421737203
- conda: https://conda.anaconda.org/conda-forge/osx-arm64/zstandard-0.23.0-py313h90d716c_2.conda
  sha256: 70ed0c931f9cfad3e3a75a1faf557c5fc5bf638675c6afa2fb8673e4f88fb2c5
  md5: 1f465c71f83bd92cfe9df941437dcd7c
  depends:
  - __osx >=11.0
  - cffi >=1.11
  - python >=3.13,<3.14.0a0
  - python >=3.13,<3.14.0a0 *_cp313
  - python_abi 3.13.* *_cp313
  license: BSD-3-Clause
  license_family: BSD
  size: 536612
  timestamp: 1745870248616
