version: 6
environments:
  default:
    channels:
    - url: https://conda.anaconda.org/conda-forge/
    packages:
      osx-arm64:
      - conda: https://conda.anaconda.org/conda-forge/noarch/alabaster-1.0.0-pyhd8ed1ab_1.conda
      - conda: https://conda.anaconda.org/conda-forge/noarch/babel-2.17.0-pyhd8ed1ab_0.conda
      - conda: https://conda.anaconda.org/conda-forge/osx-arm64/brotli-python-1.1.0-py313hb4b7877_4.conda
      - conda: https://conda.anaconda.org/conda-forge/osx-arm64/bzip2-1.0.8-hd037594_8.conda
      - conda: https://conda.anaconda.org/conda-forge/noarch/ca-certificates-2025.8.3-hbd8a1cb_0.conda
      - conda: https://conda.anaconda.org/conda-forge/noarch/certifi-2025.8.3-pyhd8ed1ab_0.conda
      - conda: https://conda.anaconda.org/conda-forge/osx-arm64/cffi-2.0.0-py313h89bd988_0.conda
      - conda: https://conda.anaconda.org/conda-forge/noarch/charset-normalizer-3.4.3-pyhd8ed1ab_0.conda
      - conda: https://conda.anaconda.org/conda-forge/noarch/colorama-0.4.6-pyhd8ed1ab_1.conda
      - conda: https://conda.anaconda.org/conda-forge/noarch/docutils-0.21.2-pyhd8ed1ab_1.conda
      - conda: https://conda.anaconda.org/conda-forge/noarch/h2-4.3.0-pyhcf101f3_0.conda
      - conda: https://conda.anaconda.org/conda-forge/noarch/hpack-4.1.0-pyhd8ed1ab_0.conda
      - conda: https://conda.anaconda.org/conda-forge/noarch/hyperframe-6.1.0-pyhd8ed1ab_0.conda
      - conda: https://conda.anaconda.org/conda-forge/osx-arm64/icu-75.1-hfee45f7_0.conda
      - conda: https://conda.anaconda.org/conda-forge/noarch/idna-3.10-pyhd8ed1ab_1.conda
      - conda: https://conda.anaconda.org/conda-forge/noarch/imagesize-1.4.1-pyhd8ed1ab_0.tar.bz2
      - conda: https://conda.anaconda.org/conda-forge/noarch/jinja2-3.1.6-pyhd8ed1ab_0.conda
      - conda: https://conda.anaconda.org/conda-forge/osx-arm64/levenshtein-0.27.1-py313hb4b7877_1.conda
      - conda: https://conda.anaconda.org/conda-forge/osx-arm64/libblas-3.9.0-36_h51639a9_openblas.conda
      - conda: https://conda.anaconda.org/conda-forge/osx-arm64/libcblas-3.9.0-36_hb0561ab_openblas.conda
      - conda: https://conda.anaconda.org/conda-forge/osx-arm64/libcxx-21.1.2-hf598326_0.conda
      - conda: https://conda.anaconda.org/conda-forge/osx-arm64/libexpat-2.7.1-hec049ff_0.conda
      - conda: https://conda.anaconda.org/conda-forge/osx-arm64/libffi-3.4.6-h1da3d7d_1.conda
      - conda: https://conda.anaconda.org/conda-forge/osx-arm64/libgfortran-15.1.0-hfdf1602_1.conda
      - conda: https://conda.anaconda.org/conda-forge/osx-arm64/libgfortran5-15.1.0-hb74de2c_1.conda
      - conda: https://conda.anaconda.org/conda-forge/osx-arm64/liblapack-3.9.0-36_hd9741b5_openblas.conda
      - conda: https://conda.anaconda.org/conda-forge/osx-arm64/liblzma-5.8.1-h39f12f2_2.conda
      - conda: https://conda.anaconda.org/conda-forge/osx-arm64/libmpdec-4.0.0-h5505292_0.conda
      - conda: https://conda.anaconda.org/conda-forge/osx-arm64/libopenblas-0.3.30-openmp_h60d53f8_2.conda
      - conda: https://conda.anaconda.org/conda-forge/osx-arm64/libsqlite-3.50.4-h4237e3c_0.conda
      - conda: https://conda.anaconda.org/conda-forge/osx-arm64/libzlib-1.3.1-h8359307_2.conda
      - conda: https://conda.anaconda.org/conda-forge/osx-arm64/llvm-openmp-21.1.0-hbb9b287_0.conda
      - conda: https://conda.anaconda.org/conda-forge/osx-arm64/markupsafe-3.0.2-py313ha9b7d5b_1.conda
      - conda: https://conda.anaconda.org/conda-forge/osx-arm64/ncurses-6.5-h5e97a16_3.conda
      - conda: https://conda.anaconda.org/conda-forge/osx-arm64/numpy-2.3.3-py313h9771d21_0.conda
      - conda: https://conda.anaconda.org/conda-forge/osx-arm64/openssl-3.5.3-h5503f6c_1.conda
      - conda: https://conda.anaconda.org/conda-forge/noarch/packaging-25.0-pyh29332c3_1.conda
      - conda: https://conda.anaconda.org/conda-forge/noarch/pycparser-2.22-pyh29332c3_1.conda
      - conda: https://conda.anaconda.org/conda-forge/noarch/pygments-2.19.2-pyhd8ed1ab_0.conda
      - conda: https://conda.anaconda.org/conda-forge/noarch/pysocks-1.7.1-pyha55dd90_7.conda
      - conda: https://conda.anaconda.org/conda-forge/osx-arm64/python-3.13.7-h5c937ed_100_cp313.conda
      - conda: https://conda.anaconda.org/conda-forge/noarch/python-levenshtein-0.27.1-pyhff2d567_0.conda
      - conda: https://conda.anaconda.org/conda-forge/noarch/python_abi-3.13-8_cp313.conda
      - conda: https://conda.anaconda.org/conda-forge/noarch/pytz-2025.2-pyhd8ed1ab_0.conda
      - conda: https://conda.anaconda.org/conda-forge/osx-arm64/rapidfuzz-3.14.1-py313h0e822ff_0.conda
      - conda: https://conda.anaconda.org/conda-forge/osx-arm64/readline-8.2-h1d1bf99_2.conda
      - conda: https://conda.anaconda.org/conda-forge/noarch/requests-2.32.5-pyhd8ed1ab_0.conda
      - conda: https://conda.anaconda.org/conda-forge/noarch/roman-numerals-py-3.1.0-pyhd8ed1ab_0.conda
      - conda: https://conda.anaconda.org/conda-forge/noarch/snowballstemmer-3.0.1-pyhd8ed1ab_0.conda
      - conda: https://conda.anaconda.org/conda-forge/noarch/sphinx-8.2.3-pyhd8ed1ab_0.conda
      - conda: https://conda.anaconda.org/conda-forge/noarch/sphinx-copybutton-0.5.2-pyhd8ed1ab_1.conda
      - conda: https://conda.anaconda.org/conda-forge/noarch/sphinx-design-0.6.1-pyhd8ed1ab_2.conda
      - conda: https://conda.anaconda.org/conda-forge/noarch/sphinx-rtd-theme-3.0.2-hd8ed1ab_0.conda
      - conda: https://conda.anaconda.org/conda-forge/noarch/sphinx_rtd_theme-3.0.2-pyha770c72_0.conda
      - conda: https://conda.anaconda.org/conda-forge/noarch/sphinxcontrib-applehelp-2.0.0-pyhd8ed1ab_1.conda
      - conda: https://conda.anaconda.org/conda-forge/noarch/sphinxcontrib-devhelp-2.0.0-pyhd8ed1ab_1.conda
      - conda: https://conda.anaconda.org/conda-forge/noarch/sphinxcontrib-htmlhelp-2.1.0-pyhd8ed1ab_1.conda
      - conda: https://conda.anaconda.org/conda-forge/noarch/sphinxcontrib-jquery-4.1-pyhd8ed1ab_1.conda
      - conda: https://conda.anaconda.org/conda-forge/noarch/sphinxcontrib-jsmath-1.0.1-pyhd8ed1ab_1.conda
      - conda: https://conda.anaconda.org/conda-forge/noarch/sphinxcontrib-programoutput-0.18-pyhd8ed1ab_0.conda
      - conda: https://conda.anaconda.org/conda-forge/noarch/sphinxcontrib-qthelp-2.0.0-pyhd8ed1ab_1.conda
      - conda: https://conda.anaconda.org/conda-forge/noarch/sphinxcontrib-serializinghtml-1.1.10-pyhd8ed1ab_1.conda
      - conda: https://conda.anaconda.org/conda-forge/osx-arm64/tk-8.6.13-h892fb3f_2.conda
      - conda: https://conda.anaconda.org/conda-forge/noarch/tzdata-2025b-h78e105d_0.conda
      - conda: https://conda.anaconda.org/conda-forge/noarch/urllib3-2.5.0-pyhd8ed1ab_0.conda
      - conda: https://conda.anaconda.org/conda-forge/osx-arm64/zstandard-0.25.0-py313h9734d34_0.conda
      - conda: https://conda.anaconda.org/conda-forge/osx-arm64/zstd-1.5.7-h6491c7d_2.conda
packages:
- conda: https://conda.anaconda.org/conda-forge/noarch/alabaster-1.0.0-pyhd8ed1ab_1.conda
  sha256: 6c4456a138919dae9edd3ac1a74b6fbe5fd66c05675f54df2f8ab8c8d0cc6cea
  md5: 1fd9696649f65fd6611fcdb4ffec738a
  depends:
  - python >=3.10
  license: BSD-3-Clause
  license_family: BSD
  size: 18684
  timestamp: 1733750512696
- conda: https://conda.anaconda.org/conda-forge/noarch/babel-2.17.0-pyhd8ed1ab_0.conda
  sha256: 1c656a35800b7f57f7371605bc6507c8d3ad60fbaaec65876fce7f73df1fc8ac
  md5: 0a01c169f0ab0f91b26e77a3301fbfe4
  depends:
  - python >=3.9
  - pytz >=2015.7
  license: BSD-3-Clause
  license_family: BSD
  size: 6938256
  timestamp: 1738490268466
- conda: https://conda.anaconda.org/conda-forge/osx-arm64/brotli-python-1.1.0-py313hb4b7877_4.conda
  sha256: a6402a7186ace5c3eb21ed4ce50eda3592c44ce38ab4e9a7ddd57d72b1e61fb3
  md5: 9518cd948fc334d66119c16a2106a959
  depends:
  - __osx >=11.0
  - libcxx >=19
  - python >=3.13,<3.14.0a0
  - python >=3.13,<3.14.0a0 *_cp313
  - python_abi 3.13.* *_cp313
  constrains:
  - libbrotlicommon 1.1.0 h6caf38d_4
  license: MIT
  license_family: MIT
  size: 341104
  timestamp: 1756600117644
- conda: https://conda.anaconda.org/conda-forge/osx-arm64/bzip2-1.0.8-hd037594_8.conda
  sha256: b456200636bd5fecb2bec63f7e0985ad2097cf1b83d60ce0b6968dffa6d02aa1
  md5: 58fd217444c2a5701a44244faf518206
  depends:
  - __osx >=11.0
  license: bzip2-1.0.6
  license_family: BSD
  size: 125061
  timestamp: 1757437486465
- conda: https://conda.anaconda.org/conda-forge/noarch/ca-certificates-2025.8.3-hbd8a1cb_0.conda
  sha256: 837b795a2bb39b75694ba910c13c15fa4998d4bb2a622c214a6a5174b2ae53d1
  md5: 74784ee3d225fc3dca89edb635b4e5cc
  depends:
  - __unix
  license: ISC
  size: 154402
  timestamp: 1754210968730
- conda: https://conda.anaconda.org/conda-forge/noarch/certifi-2025.8.3-pyhd8ed1ab_0.conda
  sha256: a1ad5b0a2a242f439608f22a538d2175cac4444b7b3f4e2b8c090ac337aaea40
  md5: 11f59985f49df4620890f3e746ed7102
  depends:
  - python >=3.9
  license: ISC
  size: 158692
  timestamp: 1754231530168
- conda: https://conda.anaconda.org/conda-forge/osx-arm64/cffi-2.0.0-py313h89bd988_0.conda
  sha256: 97404dd3e363d7fe546ef317502a0f26a4f314b986adc700de2c9840084459cd
  md5: 7768e6a259b378e0722b7f64e3f64c80
  depends:
  - __osx >=11.0
  - libffi >=3.4.6,<3.5.0a0
  - pycparser
  - python >=3.13,<3.14.0a0
  - python >=3.13,<3.14.0a0 *_cp313
  - python_abi 3.13.* *_cp313
  license: MIT
  size: 291107
  timestamp: 1758716485269
- conda: https://conda.anaconda.org/conda-forge/noarch/charset-normalizer-3.4.3-pyhd8ed1ab_0.conda
  sha256: 838d5a011f0e7422be6427becba3de743c78f3874ad2743c341accbba9bb2624
  md5: 7e7d5ef1b9ed630e4a1c358d6bc62284
  depends:
  - python >=3.9
  license: MIT
  license_family: MIT
  size: 51033
  timestamp: 1754767444665
- conda: https://conda.anaconda.org/conda-forge/noarch/colorama-0.4.6-pyhd8ed1ab_1.conda
  sha256: ab29d57dc70786c1269633ba3dff20288b81664d3ff8d21af995742e2bb03287
  md5: 962b9857ee8e7018c22f2776ffa0b2d7
  depends:
  - python >=3.9
  license: BSD-3-Clause
  license_family: BSD
  size: 27011
  timestamp: 1733218222191
- conda: https://conda.anaconda.org/conda-forge/noarch/docutils-0.21.2-pyhd8ed1ab_1.conda
  sha256: fa5966bb1718bbf6967a85075e30e4547901410cc7cb7b16daf68942e9a94823
  md5: 24c1ca34138ee57de72a943237cde4cc
  depends:
  - python >=3.9
  license: CC-PDDC AND BSD-3-Clause AND BSD-2-Clause AND ZPL-2.1
  size: 402700
  timestamp: 1733217860944
- conda: https://conda.anaconda.org/conda-forge/noarch/h2-4.3.0-pyhcf101f3_0.conda
  sha256: 84c64443368f84b600bfecc529a1194a3b14c3656ee2e832d15a20e0329b6da3
  md5: 164fc43f0b53b6e3a7bc7dce5e4f1dc9
  depends:
  - python >=3.10
  - hyperframe >=6.1,<7
  - hpack >=4.1,<5
  - python
  license: MIT
  license_family: MIT
  size: 95967
  timestamp: 1756364871835
- conda: https://conda.anaconda.org/conda-forge/noarch/hpack-4.1.0-pyhd8ed1ab_0.conda
  sha256: 6ad78a180576c706aabeb5b4c8ceb97c0cb25f1e112d76495bff23e3779948ba
  md5: 0a802cb9888dd14eeefc611f05c40b6e
  depends:
  - python >=3.9
  license: MIT
  license_family: MIT
  size: 30731
  timestamp: 1737618390337
- conda: https://conda.anaconda.org/conda-forge/noarch/hyperframe-6.1.0-pyhd8ed1ab_0.conda
  sha256: 77af6f5fe8b62ca07d09ac60127a30d9069fdc3c68d6b256754d0ffb1f7779f8
  md5: 8e6923fc12f1fe8f8c4e5c9f343256ac
  depends:
  - python >=3.9
  license: MIT
  license_family: MIT
  size: 17397
  timestamp: 1737618427549
- conda: https://conda.anaconda.org/conda-forge/osx-arm64/icu-75.1-hfee45f7_0.conda
  sha256: 9ba12c93406f3df5ab0a43db8a4b4ef67a5871dfd401010fbe29b218b2cbe620
  md5: 5eb22c1d7b3fc4abb50d92d621583137
  depends:
  - __osx >=11.0
  license: MIT
  license_family: MIT
  size: 11857802
  timestamp: 1720853997952
- conda: https://conda.anaconda.org/conda-forge/noarch/idna-3.10-pyhd8ed1ab_1.conda
  sha256: d7a472c9fd479e2e8dcb83fb8d433fce971ea369d704ece380e876f9c3494e87
  md5: 39a4f67be3286c86d696df570b1201b7
  depends:
  - python >=3.9
  license: BSD-3-Clause
  license_family: BSD
  size: 49765
  timestamp: 1733211921194
- conda: https://conda.anaconda.org/conda-forge/noarch/imagesize-1.4.1-pyhd8ed1ab_0.tar.bz2
  sha256: c2bfd7043e0c4c12d8b5593de666c1e81d67b83c474a0a79282cc5c4ef845460
  md5: 7de5386c8fea29e76b303f37dde4c352
  depends:
  - python >=3.4
  license: MIT
  license_family: MIT
  size: 10164
  timestamp: 1656939625410
- conda: https://conda.anaconda.org/conda-forge/noarch/jinja2-3.1.6-pyhd8ed1ab_0.conda
  sha256: f1ac18b11637ddadc05642e8185a851c7fab5998c6f5470d716812fae943b2af
  md5: 446bd6c8cb26050d528881df495ce646
  depends:
  - markupsafe >=2.0
  - python >=3.9
  license: BSD-3-Clause
  license_family: BSD
  size: 112714
  timestamp: 1741263433881
- conda: https://conda.anaconda.org/conda-forge/osx-arm64/levenshtein-0.27.1-py313hb4b7877_1.conda
  sha256: 0667bcdc4bfc19be2eb18ba1dd43acabfaff2df180e1258312b23fb2c138232f
  md5: b6fef1edea6229304aa5696cfdfa50f3
  depends:
  - __osx >=11.0
  - libcxx >=19
  - python >=3.13,<3.14.0a0
  - python >=3.13,<3.14.0a0 *_cp313
  - python_abi 3.13.* *_cp313
  - rapidfuzz >=3.8.0,<4.0.0
  license: GPL-2.0-or-later
  license_family: GPL
  size: 96698
  timestamp: 1756575391745
- conda: https://conda.anaconda.org/conda-forge/osx-arm64/libblas-3.9.0-36_h51639a9_openblas.conda
  build_number: 36
  sha256: acedf4c86be500172ed84a1bf37425e5c538f0494341ebdc829001cd37707564
  md5: 3bf1e49358861ce86825eaa47c092f29
  depends:
  - libopenblas >=0.3.30,<0.3.31.0a0
  - libopenblas >=0.3.30,<1.0a0
  constrains:
  - liblapacke 3.9.0   36*_openblas
  - libcblas   3.9.0   36*_openblas
  - liblapack  3.9.0   36*_openblas
  - mkl <2025
  - blas 2.136   openblas
  license: BSD-3-Clause
  license_family: BSD
  size: 17733
  timestamp: 1758397710974
- conda: https://conda.anaconda.org/conda-forge/osx-arm64/libcblas-3.9.0-36_hb0561ab_openblas.conda
  build_number: 36
  sha256: ee8b3386c9fe8668eb9013ffea5c60f7546d0d298931f7ec0637b08d796029de
  md5: 46aefc2fcef5f1f128d0549cb0fad584
  depends:
  - libblas 3.9.0 36_h51639a9_openblas
  constrains:
  - liblapack  3.9.0   36*_openblas
  - liblapacke 3.9.0   36*_openblas
  - blas 2.136   openblas
  license: BSD-3-Clause
  license_family: BSD
  size: 17717
  timestamp: 1758397731650
- conda: https://conda.anaconda.org/conda-forge/osx-arm64/libcxx-21.1.2-hf598326_0.conda
  sha256: 3de00998c8271f599d6ed9aea60dc0b3e5b1b7ff9f26f8eac95f86f135aa9beb
  md5: edfa256c5391f789384e470ce5c9f340
  depends:
  - __osx >=11.0
  license: Apache-2.0 WITH LLVM-exception
  license_family: Apache
  size: 568154
  timestamp: 1758698306949
- conda: https://conda.anaconda.org/conda-forge/osx-arm64/libexpat-2.7.1-hec049ff_0.conda
  sha256: 8fbb17a56f51e7113ed511c5787e0dec0d4b10ef9df921c4fd1cccca0458f648
  md5: b1ca5f21335782f71a8bd69bdc093f67
  depends:
  - __osx >=11.0
  constrains:
  - expat 2.7.1.*
  license: MIT
  license_family: MIT
  size: 65971
  timestamp: 1752719657566
- conda: https://conda.anaconda.org/conda-forge/osx-arm64/libffi-3.4.6-h1da3d7d_1.conda
  sha256: c6a530924a9b14e193ea9adfe92843de2a806d1b7dbfd341546ece9653129e60
  md5: c215a60c2935b517dcda8cad4705734d
  depends:
  - __osx >=11.0
  license: MIT
  license_family: MIT
  size: 39839
  timestamp: 1743434670405
- conda: https://conda.anaconda.org/conda-forge/osx-arm64/libgfortran-15.1.0-hfdf1602_1.conda
  sha256: 981e3fac416e80b007a2798d6c1d4357ebebeb72a039aca1fb3a7effe9dcae86
  md5: c98207b6e2b1a309abab696d229f163e
  depends:
  - libgfortran5 15.1.0 hb74de2c_1
  license: GPL-3.0-only WITH GCC-exception-3.1
  license_family: GPL
  size: 134383
  timestamp: 1756239485494
- conda: https://conda.anaconda.org/conda-forge/osx-arm64/libgfortran5-15.1.0-hb74de2c_1.conda
  sha256: 1f8f5b2fdd0d2559d0f3bade8da8f57e9ee9b54685bd6081c6d6d9a2b0239b41
  md5: 4281bd1c654cb4f5cab6392b3330451f
  depends:
  - llvm-openmp >=8.0.0
  constrains:
  - libgfortran 15.1.0
  license: GPL-3.0-only WITH GCC-exception-3.1
  license_family: GPL
  size: 759679
  timestamp: 1756238772083
- conda: https://conda.anaconda.org/conda-forge/osx-arm64/liblapack-3.9.0-36_hd9741b5_openblas.conda
  build_number: 36
  sha256: ffadfc04f5fb9075715fc4db0b6f2e88c23931eb06a193531ee3ba936dedc433
  md5: e0b918b8232902da02c2c5b4eb81f4d5
  depends:
  - libblas 3.9.0 36_h51639a9_openblas
  constrains:
  - libcblas   3.9.0   36*_openblas
  - liblapacke 3.9.0   36*_openblas
  - blas 2.136   openblas
  license: BSD-3-Clause
  license_family: BSD
  size: 17728
  timestamp: 1758397741587
- conda: https://conda.anaconda.org/conda-forge/osx-arm64/liblzma-5.8.1-h39f12f2_2.conda
  sha256: 0cb92a9e026e7bd4842f410a5c5c665c89b2eb97794ffddba519a626b8ce7285
  md5: d6df911d4564d77c4374b02552cb17d1
  depends:
  - __osx >=11.0
  constrains:
  - xz 5.8.1.*
  license: 0BSD
  size: 92286
  timestamp: 1749230283517
- conda: https://conda.anaconda.org/conda-forge/osx-arm64/libmpdec-4.0.0-h5505292_0.conda
  sha256: 0a1875fc1642324ebd6c4ac864604f3f18f57fbcf558a8264f6ced028a3c75b2
  md5: 85ccccb47823dd9f7a99d2c7f530342f
  depends:
  - __osx >=11.0
  license: BSD-2-Clause
  license_family: BSD
  size: 71829
  timestamp: 1748393749336
- conda: https://conda.anaconda.org/conda-forge/osx-arm64/libopenblas-0.3.30-openmp_h60d53f8_2.conda
  sha256: 7b8551a4d21cf0b19f9a162f1f283a201b17f1bd5a6579abbd0d004788c511fa
  md5: d004259fd8d3d2798b16299d6ad6c9e9
  depends:
  - __osx >=11.0
  - libgfortran
  - libgfortran5 >=14.3.0
  - llvm-openmp >=19.1.7
  constrains:
  - openblas >=0.3.30,<0.3.31.0a0
  license: BSD-3-Clause
  license_family: BSD
  size: 4284696
  timestamp: 1755471861128
- conda: https://conda.anaconda.org/conda-forge/osx-arm64/libsqlite-3.50.4-h4237e3c_0.conda
  sha256: 802ebe62e6bc59fc26b26276b793e0542cfff2d03c086440aeaf72fb8bbcec44
  md5: 1dcb0468f5146e38fae99aef9656034b
  depends:
  - __osx >=11.0
  - icu >=75.1,<76.0a0
  - libzlib >=1.3.1,<2.0a0
  license: blessing
  size: 902645
  timestamp: 1753948599139
- conda: https://conda.anaconda.org/conda-forge/osx-arm64/libzlib-1.3.1-h8359307_2.conda
  sha256: ce34669eadaba351cd54910743e6a2261b67009624dbc7daeeafdef93616711b
  md5: 369964e85dc26bfe78f41399b366c435
  depends:
  - __osx >=11.0
  constrains:
  - zlib 1.3.1 *_2
  license: Zlib
  license_family: Other
  size: 46438
  timestamp: 1727963202283
- conda: https://conda.anaconda.org/conda-forge/osx-arm64/llvm-openmp-21.1.0-hbb9b287_0.conda
  sha256: c6750073a128376a14bedacfa90caab4c17025c9687fcf6f96e863b28d543af4
  md5: e57d95fec6eaa747e583323cba6cfe5c
  depends:
  - __osx >=11.0
  constrains:
  - intel-openmp <0.0a0
  - openmp 21.1.0|21.1.0.*
  license: Apache-2.0 WITH LLVM-exception
  license_family: APACHE
  size: 286039
  timestamp: 1756673290280
- conda: https://conda.anaconda.org/conda-forge/osx-arm64/markupsafe-3.0.2-py313ha9b7d5b_1.conda
  sha256: 81759af8a9872c8926af3aa59dc4986eee90a0956d1ec820b42ac4f949a71211
  md5: 3acf05d8e42ff0d99820d2d889776fff
  depends:
  - __osx >=11.0
  - python >=3.13,<3.14.0a0
  - python >=3.13,<3.14.0a0 *_cp313
  - python_abi 3.13.* *_cp313
  constrains:
  - jinja2 >=3.0.0
  license: BSD-3-Clause
  license_family: BSD
  size: 24757
  timestamp: 1733219916634
- conda: https://conda.anaconda.org/conda-forge/osx-arm64/ncurses-6.5-h5e97a16_3.conda
  sha256: 2827ada40e8d9ca69a153a45f7fd14f32b2ead7045d3bbb5d10964898fe65733
  md5: 068d497125e4bf8a66bf707254fff5ae
  depends:
  - __osx >=11.0
  license: X11 AND BSD-3-Clause
  size: 797030
  timestamp: 1738196177597
- conda: https://conda.anaconda.org/conda-forge/osx-arm64/numpy-2.3.3-py313h9771d21_0.conda
  sha256: 0a8d31fbb49be666f17f746104255e3ccfdb27eac79fe9b8178c8f8bd6a6b2ee
  md5: 54cfeb1b41a3c21da642f9b925545478
  depends:
  - python
  - libcxx >=19
  - python 3.13.* *_cp313
  - __osx >=11.0
  - libcblas >=3.9.0,<4.0a0
  - python_abi 3.13.* *_cp313
  - liblapack >=3.9.0,<4.0a0
  - libblas >=3.9.0,<4.0a0
  constrains:
  - numpy-base <0a0
  license: BSD-3-Clause
  license_family: BSD
  size: 6749676
  timestamp: 1757504939745
- conda: https://conda.anaconda.org/conda-forge/osx-arm64/openssl-3.5.3-h5503f6c_1.conda
  sha256: d5499ee2611a0ca9d84e9d60a5978d1f17350e94915c89026f5d9346ccf0a987
  md5: 4b23b1e2aa9d81b16204e1304241ccae
  depends:
  - __osx >=11.0
  - ca-certificates
  license: Apache-2.0
  license_family: Apache
  size: 3069376
  timestamp: 1758598263612
- conda: https://conda.anaconda.org/conda-forge/noarch/packaging-25.0-pyh29332c3_1.conda
  sha256: 289861ed0c13a15d7bbb408796af4de72c2fe67e2bcb0de98f4c3fce259d7991
  md5: 58335b26c38bf4a20f399384c33cbcf9
  depends:
  - python >=3.8
  - python
  license: Apache-2.0
  license_family: APACHE
  size: 62477
  timestamp: 1745345660407
- conda: https://conda.anaconda.org/conda-forge/noarch/pycparser-2.22-pyh29332c3_1.conda
  sha256: 79db7928d13fab2d892592223d7570f5061c192f27b9febd1a418427b719acc6
  md5: 12c566707c80111f9799308d9e265aef
  depends:
  - python >=3.9
  - python
  license: BSD-3-Clause
  license_family: BSD
  size: 110100
  timestamp: 1733195786147
- conda: https://conda.anaconda.org/conda-forge/noarch/pygments-2.19.2-pyhd8ed1ab_0.conda
  sha256: 5577623b9f6685ece2697c6eb7511b4c9ac5fb607c9babc2646c811b428fd46a
  md5: 6b6ece66ebcae2d5f326c77ef2c5a066
  depends:
  - python >=3.9
  license: BSD-2-Clause
  license_family: BSD
  size: 889287
  timestamp: 1750615908735
- conda: https://conda.anaconda.org/conda-forge/noarch/pysocks-1.7.1-pyha55dd90_7.conda
  sha256: ba3b032fa52709ce0d9fd388f63d330a026754587a2f461117cac9ab73d8d0d8
  md5: 461219d1a5bd61342293efa2c0c90eac
  depends:
  - __unix
  - python >=3.9
  license: BSD-3-Clause
  license_family: BSD
  size: 21085
  timestamp: 1733217331982
- conda: https://conda.anaconda.org/conda-forge/osx-arm64/python-3.13.7-h5c937ed_100_cp313.conda
  build_number: 100
  sha256: b9776cc330fa4836171a42e0e9d9d3da145d7702ba6ef9fad45e94f0f016eaef
  md5: 445d057271904b0e21e14b1fa1d07ba5
  depends:
  - __osx >=11.0
  - bzip2 >=1.0.8,<2.0a0
  - libexpat >=2.7.1,<3.0a0
  - libffi >=3.4.6,<3.5.0a0
  - liblzma >=5.8.1,<6.0a0
  - libmpdec >=4.0.0,<5.0a0
  - libsqlite >=3.50.4,<4.0a0
  - libzlib >=1.3.1,<2.0a0
  - ncurses >=6.5,<7.0a0
  - openssl >=3.5.2,<4.0a0
  - python_abi 3.13.* *_cp313
  - readline >=8.2,<9.0a0
  - tk >=8.6.13,<8.7.0a0
  - tzdata
  license: Python-2.0
  size: 11926240
  timestamp: 1756909724811
  python_site_packages_path: lib/python3.13/site-packages
- conda: https://conda.anaconda.org/conda-forge/noarch/python-levenshtein-0.27.1-pyhff2d567_0.conda
  sha256: 4fca6f1e119e3e747e79c05637b2f193cdac80a7a2e7b6c93eca1ce14c12b07e
  md5: 8ca73b15366febeb47825375d901778c
  depends:
  - levenshtein 0.27.1
  - python >=3.9
  license: GPL-2.0-or-later
  license_family: GPL
  size: 15914
  timestamp: 1741044662301
- conda: https://conda.anaconda.org/conda-forge/noarch/python_abi-3.13-8_cp313.conda
  build_number: 8
  sha256: 210bffe7b121e651419cb196a2a63687b087497595c9be9d20ebe97dd06060a7
  md5: 94305520c52a4aa3f6c2b1ff6008d9f8
  constrains:
  - python 3.13.* *_cp313
  license: BSD-3-Clause
  license_family: BSD
  size: 7002
  timestamp: 1752805902938
- conda: https://conda.anaconda.org/conda-forge/noarch/pytz-2025.2-pyhd8ed1ab_0.conda
  sha256: 8d2a8bf110cc1fc3df6904091dead158ba3e614d8402a83e51ed3a8aa93cdeb0
  md5: bc8e3267d44011051f2eb14d22fb0960
  depends:
  - python >=3.9
  license: MIT
  license_family: MIT
  size: 189015
  timestamp: 1742920947249
- conda: https://conda.anaconda.org/conda-forge/osx-arm64/rapidfuzz-3.14.1-py313h0e822ff_0.conda
  sha256: 73d85c47b591729a121faaff7e394da65abe12b370781dce25d90cb1ce04bc97
  md5: 5666b0358ce653c14ff69a753135c10e
  depends:
  - __osx >=11.0
  - libcxx >=19
  - numpy
  - python >=3.13,<3.14.0a0
  - python >=3.13,<3.14.0a0 *_cp313
  - python_abi 3.13.* *_cp313
  license: MIT
  license_family: MIT
  size: 710404
  timestamp: 1757405808434
- conda: https://conda.anaconda.org/conda-forge/osx-arm64/readline-8.2-h1d1bf99_2.conda
  sha256: 7db04684d3904f6151eff8673270922d31da1eea7fa73254d01c437f49702e34
  md5: 63ef3f6e6d6d5c589e64f11263dc5676
  depends:
  - ncurses >=6.5,<7.0a0
  license: GPL-3.0-only
  license_family: GPL
  size: 252359
  timestamp: 1740379663071
- conda: https://conda.anaconda.org/conda-forge/noarch/requests-2.32.5-pyhd8ed1ab_0.conda
  sha256: 8dc54e94721e9ab545d7234aa5192b74102263d3e704e6d0c8aa7008f2da2a7b
  md5: db0c6b99149880c8ba515cf4abe93ee4
  depends:
  - certifi >=2017.4.17
  - charset-normalizer >=2,<4
  - idna >=2.5,<4
  - python >=3.9
  - urllib3 >=1.21.1,<3
  constrains:
  - chardet >=3.0.2,<6
  license: Apache-2.0
  license_family: APACHE
  size: 59263
  timestamp: 1755614348400
- conda: https://conda.anaconda.org/conda-forge/noarch/roman-numerals-py-3.1.0-pyhd8ed1ab_0.conda
  sha256: 0116a9ca9bf3487e18979b58b2f280116dba55cb53475af7a6d835f7aa133db8
  md5: 5f0f24f8032c2c1bb33f59b75974f5fc
  depends:
  - python >=3.9
  license: 0BSD OR CC0-1.0
  size: 13348
  timestamp: 1740240332327
- conda: https://conda.anaconda.org/conda-forge/noarch/snowballstemmer-3.0.1-pyhd8ed1ab_0.conda
  sha256: 17007a4cfbc564dc3e7310dcbe4932c6ecb21593d4fec3c68610720f19e73fb2
  md5: 755cf22df8693aa0d1aec1c123fa5863
  depends:
  - python >=3.9
  license: BSD-3-Clause
  license_family: BSD
  size: 73009
  timestamp: 1747749529809
- conda: https://conda.anaconda.org/conda-forge/noarch/sphinx-8.2.3-pyhd8ed1ab_0.conda
  sha256: 995f58c662db0197d681fa345522fd9e7ac5f05330d3dff095ab2f102e260ab0
  md5: f7af826063ed569bb13f7207d6f949b0
  depends:
  - alabaster >=0.7.14
  - babel >=2.13
  - colorama >=0.4.6
  - docutils >=0.20,<0.22
  - imagesize >=1.3
  - jinja2 >=3.1
  - packaging >=23.0
  - pygments >=2.17
  - python >=3.11
  - requests >=2.30.0
  - roman-numerals-py >=1.0.0
  - snowballstemmer >=2.2
  - sphinxcontrib-applehelp >=1.0.7
  - sphinxcontrib-devhelp >=1.0.6
  - sphinxcontrib-htmlhelp >=2.0.6
  - sphinxcontrib-jsmath >=1.0.1
  - sphinxcontrib-qthelp >=1.0.6
  - sphinxcontrib-serializinghtml >=1.1.9
  license: BSD-2-Clause
  license_family: BSD
  size: 1424416
  timestamp: 1740956642838
- conda: https://conda.anaconda.org/conda-forge/noarch/sphinx-copybutton-0.5.2-pyhd8ed1ab_1.conda
  sha256: 8cd892e49cb4d00501bc4439fb0c73ca44905f01a65b2b7fa05ba0e8f3924f19
  md5: bf22cb9c439572760316ce0748af3713
  depends:
  - python >=3.9
  - sphinx >=1.8
  license: MIT
  license_family: MIT
  size: 17893
  timestamp: 1734573117732
- conda: https://conda.anaconda.org/conda-forge/noarch/sphinx-design-0.6.1-pyhd8ed1ab_2.conda
  sha256: eb335aef48e49107b55299cedc197f86d05651f1eeff83ed8acf89df7cdc9765
  md5: 3e6c15d914b03f83fc96344f917e0838
  depends:
  - python >=3.9
  - sphinx >=6,<9
  license: MIT
  license_family: MIT
  size: 911336
  timestamp: 1734614675610
- conda: https://conda.anaconda.org/conda-forge/noarch/sphinx-rtd-theme-3.0.2-hd8ed1ab_0.conda
  noarch: python
  sha256: d81e5f764d3738a62e03476cbbf3f69214f5cc0d06af81ec6104056f6cece50e
  md5: bc576bd1422b5baaed25722895581837
  depends:
  - sphinx_rtd_theme 3.0.2 pyha770c72_0
  license: MIT
  license_family: MIT
  size: 6369
  timestamp: 1757836588399
- conda: https://conda.anaconda.org/conda-forge/noarch/sphinx_rtd_theme-3.0.2-pyha770c72_0.conda
  sha256: c5d1ef5801f56c3bba4088de6c02c10e7f5b195805997fc1af569cf3f33f92e4
  md5: cec0cc87b40171bc323a9d80b619c9c5
  depends:
  - docutils >0.18,<0.22
  - python >=3.8
  - sphinx >=6,<9
  - sphinxcontrib-jquery >=4,<5
  license: MIT
  license_family: MIT
  size: 4629955
  timestamp: 1757836585728
- conda: https://conda.anaconda.org/conda-forge/noarch/sphinxcontrib-applehelp-2.0.0-pyhd8ed1ab_1.conda
  sha256: d7433a344a9ad32a680b881c81b0034bc61618d12c39dd6e3309abeffa9577ba
  md5: 16e3f039c0aa6446513e94ab18a8784b
  depends:
  - python >=3.9
  - sphinx >=5
  license: BSD-2-Clause
  license_family: BSD
  size: 29752
  timestamp: 1733754216334
- conda: https://conda.anaconda.org/conda-forge/noarch/sphinxcontrib-devhelp-2.0.0-pyhd8ed1ab_1.conda
  sha256: 55d5076005d20b84b20bee7844e686b7e60eb9f683af04492e598a622b12d53d
  md5: 910f28a05c178feba832f842155cbfff
  depends:
  - python >=3.9
  - sphinx >=5
  license: BSD-2-Clause
  license_family: BSD
  size: 24536
  timestamp: 1733754232002
- conda: https://conda.anaconda.org/conda-forge/noarch/sphinxcontrib-htmlhelp-2.1.0-pyhd8ed1ab_1.conda
  sha256: c1492c0262ccf16694bdcd3bb62aa4627878ea8782d5cd3876614ffeb62b3996
  md5: e9fb3fe8a5b758b4aff187d434f94f03
  depends:
  - python >=3.9
  - sphinx >=5
  license: BSD-2-Clause
  license_family: BSD
  size: 32895
  timestamp: 1733754385092
- conda: https://conda.anaconda.org/conda-forge/noarch/sphinxcontrib-jquery-4.1-pyhd8ed1ab_1.conda
  sha256: 69c08d18663b57ebc8e4187c64c8d29b10996bb465a515cd288d87b6f2f52a5e
  md5: 403185829255321ea427333f7773dd1f
  depends:
  - python >=3.9
  - sphinx >=1.8
  license: 0BSD AND MIT
  size: 112964
  timestamp: 1734344603903
- conda: https://conda.anaconda.org/conda-forge/noarch/sphinxcontrib-jsmath-1.0.1-pyhd8ed1ab_1.conda
  sha256: 578bef5ec630e5b2b8810d898bbbf79b9ae66d49b7938bcc3efc364e679f2a62
  md5: fa839b5ff59e192f411ccc7dae6588bb
  depends:
  - python >=3.9
  license: BSD-2-Clause
  license_family: BSD
  size: 10462
  timestamp: 1733753857224
- conda: https://conda.anaconda.org/conda-forge/noarch/sphinxcontrib-programoutput-0.18-pyhd8ed1ab_0.conda
  sha256: f3ccef4bdd67c44916eb1e6ce490ba7de277dec6bf8ef03bb584421b963f7bf2
  md5: c114474f376e4248a7e6eb9decd1d737
  depends:
  - python >=3.8
  - sphinx >=5
  license: BSD-2-Clause
  license_family: BSD
  size: 19566
  timestamp: 1734963159275
- conda: https://conda.anaconda.org/conda-forge/noarch/sphinxcontrib-qthelp-2.0.0-pyhd8ed1ab_1.conda
  sha256: c664fefae4acdb5fae973bdde25836faf451f41d04342b64a358f9a7753c92ca
  md5: 00534ebcc0375929b45c3039b5ba7636
  depends:
  - python >=3.9
  - sphinx >=5
  license: BSD-2-Clause
  license_family: BSD
  size: 26959
  timestamp: 1733753505008
- conda: https://conda.anaconda.org/conda-forge/noarch/sphinxcontrib-serializinghtml-1.1.10-pyhd8ed1ab_1.conda
  sha256: 64d89ecc0264347486971a94487cb8d7c65bfc0176750cf7502b8a272f4ab557
  md5: 3bc61f7161d28137797e038263c04c54
  depends:
  - python >=3.9
  - sphinx >=5
  license: BSD-2-Clause
  license_family: BSD
  size: 28669
  timestamp: 1733750596111
- conda: https://conda.anaconda.org/conda-forge/osx-arm64/tk-8.6.13-h892fb3f_2.conda
  sha256: cb86c522576fa95c6db4c878849af0bccfd3264daf0cc40dd18e7f4a7bfced0e
  md5: 7362396c170252e7b7b0c8fb37fe9c78
  depends:
  - __osx >=11.0
  - libzlib >=1.3.1,<2.0a0
  license: TCL
  license_family: BSD
  size: 3125538
  timestamp: 1748388189063
- conda: https://conda.anaconda.org/conda-forge/noarch/tzdata-2025b-h78e105d_0.conda
  sha256: 5aaa366385d716557e365f0a4e9c3fca43ba196872abbbe3d56bb610d131e192
  md5: 4222072737ccff51314b5ece9c7d6f5a
  license: LicenseRef-Public-Domain
  size: 122968
  timestamp: 1742727099393
- conda: https://conda.anaconda.org/conda-forge/noarch/urllib3-2.5.0-pyhd8ed1ab_0.conda
  sha256: 4fb9789154bd666ca74e428d973df81087a697dbb987775bc3198d2215f240f8
  md5: 436c165519e140cb08d246a4472a9d6a
  depends:
  - brotli-python >=1.0.9
  - h2 >=4,<5
  - pysocks >=1.5.6,<2.0,!=1.5.7
  - python >=3.9
  - zstandard >=0.18.0
  license: MIT
  license_family: MIT
  size: 101735
  timestamp: 1750271478254
- conda: https://conda.anaconda.org/conda-forge/osx-arm64/zstandard-0.25.0-py313h9734d34_0.conda
  sha256: 8a1bf8a66c05f724e8a56cb1918eae70bcb467a7c5d43818e37e04d86332c513
  md5: ce17795bf104a29a2c7ed0bba7a804cb
  depends:
  - python
  - cffi >=1.11
  - zstd >=1.5.7,<1.5.8.0a0
  - __osx >=11.0
  - python 3.13.* *_cp313
  - zstd >=1.5.7,<1.6.0a0
  - python_abi 3.13.* *_cp313
  license: BSD-3-Clause
  license_family: BSD
  size: 396477
  timestamp: 1757930170468
- conda: https://conda.anaconda.org/conda-forge/osx-arm64/zstd-1.5.7-h6491c7d_2.conda
  sha256: 0d02046f57f7a1a3feae3e9d1aa2113788311f3cf37a3244c71e61a93177ba67
  md5: e6f69c7bcccdefa417f056fa593b40f0
  depends:
  - __osx >=11.0
  - libzlib >=1.3.1,<2.0a0
  license: BSD-3-Clause
  license_family: BSD
  size: 399979
  timestamp: 1742433432699
